
Microsoft Visual Studio Solution File, Format Version 12.00
# Visual Studio 15
VisualStudioVersion = 15.0.28307.1321
MinimumVisualStudioVersion = 10.0.40219.1
Project("{FAE04EC0-301F-11D3-BF4B-00C04F79EFBC}") = "pasta_pişirme_uygulaması", "pasta_pişirme_uygulaması\pasta_pişirme_uygulaması.csproj", "{5E256340-0456-43D2-A38E-DBD837BEEA67}"
EndProject
Global
	GlobalSection(SolutionConfigurationPlatforms) = preSolution
		Debug|Any CPU = Debug|Any CPU
		Release|Any CPU = Release|Any CPU
	EndGlobalSection
	GlobalSection(ProjectConfigurationPlatforms) = postSolution
		{5E256340-0456-43D2-A38E-DBD837BEEA67}.Debug|Any CPU.ActiveCfg = Debug|Any CPU
		{5E256340-0456-43D2-A38E-DBD837BEEA67}.Debug|Any CPU.Build.0 = Debug|Any CPU
		{5E256340-0456-43D2-A38E-DBD837BEEA67}.Release|Any CPU.ActiveCfg = Release|Any CPU
		{5E256340-0456-43D2-A38E-DBD837BEEA67}.Release|Any CPU.Build.0 = Release|Any CPU
	EndGlobalSection
	GlobalSection(SolutionProperties) = preSolution
		HideSolutionNode = FALSE
	EndGlobalSection
	GlobalSection(ExtensibilityGlobals) = postSolution
		SolutionGuid = {2FF421E6-B991-4456-A06B-034F175F03E4}
	EndGlobalSection
EndGlobal
